
Microsoft Visual Studio Solution File, Format Version 12.00
# Visual Studio 15
VisualStudioVersion = 15.0.27703.2047
MinimumVisualStudioVersion = 10.0.40219.1
Project("{9A19103F-16F7-4668-BE54-9A1E7A4F7556}") = "RiseBot", "RiseBot\RiseBot.csproj", "{9B5B1187-D860-460A-8EFF-5BB638538AC8}"
EndProject
Project("{9A19103F-16F7-4668-BE54-9A1E7A4F7556}") = "ClashWrapper", "ClashWrapper\ClashWrapper.csproj", "{F66FCC41-6A60-4EFA-8479-D2FFF1CC8275}"
EndProject
Project("{FAE04EC0-301F-11D3-BF4B-00C04F79EFBC}") = "BandWrapper", "BandWrapper\BandWrapper.csproj", "{1126FB45-F5B7-4790-8D27-E77CB5D2A5F1}"
EndProject
Global
	GlobalSection(SolutionConfigurationPlatforms) = preSolution
		Debug|Any CPU = Debug|Any CPU
		Release|Any CPU = Release|Any CPU
	EndGlobalSection
	GlobalSection(ProjectConfigurationPlatforms) = postSolution
		{9B5B1187-D860-460A-8EFF-5BB638538AC8}.Debug|Any CPU.ActiveCfg = Debug|Any CPU
		{9B5B1187-D860-460A-8EFF-5BB638538AC8}.Debug|Any CPU.Build.0 = Debug|Any CPU
		{9B5B1187-D860-460A-8EFF-5BB638538AC8}.Release|Any CPU.ActiveCfg = Release|Any CPU
		{9B5B1187-D860-460A-8EFF-5BB638538AC8}.Release|Any CPU.Build.0 = Release|Any CPU
		{F66FCC41-6A60-4EFA-8479-D2FFF1CC8275}.Debug|Any CPU.ActiveCfg = Debug|Any CPU
		{F66FCC41-6A60-4EFA-8479-D2FFF1CC8275}.Debug|Any CPU.Build.0 = Debug|Any CPU
		{F66FCC41-6A60-4EFA-8479-D2FFF1CC8275}.Release|Any CPU.ActiveCfg = Release|Any CPU
		{F66FCC41-6A60-4EFA-8479-D2FFF1CC8275}.Release|Any CPU.Build.0 = Release|Any CPU
		{1126FB45-F5B7-4790-8D27-E77CB5D2A5F1}.Debug|Any CPU.ActiveCfg = Debug|Any CPU
		{1126FB45-F5B7-4790-8D27-E77CB5D2A5F1}.Debug|Any CPU.Build.0 = Debug|Any CPU
		{1126FB45-F5B7-4790-8D27-E77CB5D2A5F1}.Release|Any CPU.ActiveCfg = Release|Any CPU
		{1126FB45-F5B7-4790-8D27-E77CB5D2A5F1}.Release|Any CPU.Build.0 = Release|Any CPU
	EndGlobalSection
	GlobalSection(SolutionProperties) = preSolution
		HideSolutionNode = FALSE
	EndGlobalSection
	GlobalSection(ExtensibilityGlobals) = postSolution
		SolutionGuid = {6143F916-E5CE-479A-9229-C25044243157}
	EndGlobalSection
EndGlobal
